
Microsoft Visual Studio Solution File, Format Version 12.00
# Visual Studio 15
VisualStudioVersion = 15.0.28307.168
MinimumVisualStudioVersion = 10.0.40219.1
Project("{FAE04EC0-301F-11D3-BF4B-00C04F79EFBC}") = "UNiDAYS.Identity", "UNiDAYS.Identity\UNiDAYS.Identity.csproj", "{B776F43D-9F20-45C3-8DAC-38F04BD32B48}"
EndProject
Global
	GlobalSection(SolutionConfigurationPlatforms) = preSolution
		Debug|Any CPU = Debug|Any CPU
		Release|Any CPU = Release|Any CPU
	EndGlobalSection
	GlobalSection(ProjectConfigurationPlatforms) = postSolution
		{B776F43D-9F20-45C3-8DAC-38F04BD32B48}.Debug|Any CPU.ActiveCfg = Debug|Any CPU
		{B776F43D-9F20-45C3-8DAC-38F04BD32B48}.Debug|Any CPU.Build.0 = Debug|Any CPU
		{B776F43D-9F20-45C3-8DAC-38F04BD32B48}.Release|Any CPU.ActiveCfg = Release|Any CPU
		{B776F43D-9F20-45C3-8DAC-38F04BD32B48}.Release|Any CPU.Build.0 = Release|Any CPU
	EndGlobalSection
	GlobalSection(SolutionProperties) = preSolution
		HideSolutionNode = FALSE
	EndGlobalSection
	GlobalSection(ExtensibilityGlobals) = postSolution
		SolutionGuid = {5E51702D-AAEF-4B23-B1CC-96F132990EDA}
	EndGlobalSection
EndGlobal
